{
  "name": "policies-manager",
  "version": "1.0.0",
  "lockfileVersion": 1,
  "requires": true,
  "dependencies": {
    "config-standards": {
      "version": "github:GustMartins/config-standards#2ec41cedc0a3cd8b567eee2a6267c1fd02bf4e65",
      "from": "github:GustMartins/config-standards#semver:^1.0.0",
      "dev": true
    }
  }
}
